{
  "nodes": {
    "flake-utils": {
      "locked": {
        "lastModified": 1676283394,
        "narHash": "sha256-XX2f9c3iySLCw54rJ/CZs+ZK6IQy7GXNY4nSOyu2QG4=",
        "owner": "numtide",
        "repo": "flake-utils",
        "rev": "3db36a8b464d0c4532ba1c7dda728f4576d6d073",
        "type": "github"
      },
      "original": {
        "owner": "numtide",
        "repo": "flake-utils",
        "type": "github"
      }
    },
    "flake-utils_2": {
      "locked": {
        "lastModified": 1676283394,
        "narHash": "sha256-XX2f9c3iySLCw54rJ/CZs+ZK6IQy7GXNY4nSOyu2QG4=",
        "owner": "numtide",
        "repo": "flake-utils",
        "rev": "3db36a8b464d0c4532ba1c7dda728f4576d6d073",
        "type": "github"
      },
      "original": {
        "owner": "numtide",
        "repo": "flake-utils",
        "type": "github"
      }
    },
    "flake-utils_3": {
      "locked": {
        "lastModified": 1667395993,
        "narHash": "sha256-nuEHfE/LcWyuSWnS8t12N1wc105Qtau+/OdUAjtQ0rA=",
        "owner": "numtide",
        "repo": "flake-utils",
        "rev": "5aed5285a952e0b949eb3ba02c12fa4fcfef535f",
        "type": "github"
      },
      "original": {
        "owner": "numtide",
        "repo": "flake-utils",
        "type": "github"
      }
    },
    "nixpkgs": {
      "locked": {
        "lastModified": 1676518424,
        "narHash": "sha256-OsJSBwl9Hayh/bmxDtUyxm2U6btaBHuLvviE9KpMmwQ=",
        "owner": "NixOS",
        "repo": "nixpkgs",
        "rev": "a592a97fcedae7a06b8506623b25fd38a032ad13",
        "type": "github"
      },
      "original": {
        "owner": "NixOS",
        "ref": "nixpkgs-unstable",
        "repo": "nixpkgs",
        "type": "github"
      }
    },
    "nixpkgs_2": {
      "locked": {
        "lastModified": 1676518424,
        "narHash": "sha256-OsJSBwl9Hayh/bmxDtUyxm2U6btaBHuLvviE9KpMmwQ=",
        "owner": "NixOS",
        "repo": "nixpkgs",
        "rev": "a592a97fcedae7a06b8506623b25fd38a032ad13",
        "type": "github"
      },
      "original": {
        "id": "nixpkgs",
        "type": "indirect"
      }
    },
    "nixpkgs_3": {
      "locked": {
        "lastModified": 1669261230,
        "narHash": "sha256-AjddxRPd5y5jge77281P3O8+Cnafj842Xg59rwV4x+0=",
        "owner": "NixOS",
        "repo": "nixpkgs",
        "rev": "8e8b5f3b1e899bf5d250279578c0283705b8cdb4",
        "type": "github"
      },
      "original": {
        "id": "nixpkgs",
        "type": "indirect"
      }
    },
    "root": {
      "inputs": {
        "flake-utils": "flake-utils",
        "nixpkgs": "nixpkgs",
        "wd2": "wd2"
      }
    },
    "tools": {
      "inputs": {
        "flake-utils": "flake-utils_3",
        "nixpkgs": "nixpkgs_3"
      },
      "locked": {
        "lastModified": 1676488781,
        "narHash": "sha256-lP2UWGwangM1OSBOx0EFXOtnSBuyTJn3yza3Ujb9/C8=",
        "ref": "refs/heads/main",
        "rev": "5f07d4e256c1d8caefd52563737b1e3c023b5d35",
        "revCount": 21,
        "type": "git",
        "url": "https://git.pleshevski.ru/mynix/tools"
      },
      "original": {
        "type": "git",
        "url": "https://git.pleshevski.ru/mynix/tools"
      }
    },
    "wd2": {
      "inputs": {
        "flake-utils": "flake-utils_2",
        "nixpkgs": "nixpkgs_2",
        "tools": "tools"
      },
      "locked": {
        "lastModified": 1676583860,
        "narHash": "sha256-LuGEJMECOtqFJHw65ErtEDa7MnF5e+QmiGO583ZK9BE=",
        "ref": "refs/heads/main",
        "rev": "1e05739a5e39b982e3670997a3845ab9741f4ca1",
        "revCount": 13,
        "type": "git",
        "url": "https://git.pleshevski.ru/pleshevskiy/wd2"
      },
      "original": {
        "type": "git",
        "url": "https://git.pleshevski.ru/pleshevskiy/wd2"
      }
    }
  },
  "root": "root",
  "version": 7
}
